
Microsoft Visual Studio Solution File, Format Version 12.00
# Visual Studio Version 17
VisualStudioVersion = 17.4.33110.190
MinimumVisualStudioVersion = 10.0.40219.1
Project("{FAE04EC0-301F-11D3-BF4B-00C04F79EFBC}") = "BlobData", "BlobData\BlobData.csproj", "{7BFD7ED7-3414-40D8-9CB3-2D137F8B206A}"
EndProject
Global
	GlobalSection(SolutionConfigurationPlatforms) = preSolution
		Debug|Any CPU = Debug|Any CPU
		Release|Any CPU = Release|Any CPU
	EndGlobalSection
	GlobalSection(ProjectConfigurationPlatforms) = postSolution
		{7BFD7ED7-3414-40D8-9CB3-2D137F8B206A}.Debug|Any CPU.ActiveCfg = Debug|Any CPU
		{7BFD7ED7-3414-40D8-9CB3-2D137F8B206A}.Debug|Any CPU.Build.0 = Debug|Any CPU
		{7BFD7ED7-3414-40D8-9CB3-2D137F8B206A}.Release|Any CPU.ActiveCfg = Release|Any CPU
		{7BFD7ED7-3414-40D8-9CB3-2D137F8B206A}.Release|Any CPU.Build.0 = Release|Any CPU
	EndGlobalSection
	GlobalSection(SolutionProperties) = preSolution
		HideSolutionNode = FALSE
	EndGlobalSection
	GlobalSection(ExtensibilityGlobals) = postSolution
		SolutionGuid = {D41B3313-B574-4DD9-B523-9878745EF278}
	EndGlobalSection
EndGlobal
